lockfileVersion: '6.0'

settings:
  autoInstallPeers: true
  excludeLinksFromLockfile: false

dependencies:
  '@trpc/server':
    specifier: ^10.44.1
    version: 10.44.1

packages:

  /@trpc/server@10.44.1:
    resolution: {integrity: sha512-mF7B+K6LjuboX8I1RZgKE5GA/fJhsJ8tKGK2UBt3Bwik7hepEPb4NJgNr7vO6BK5IYwPdBLRLTctRw6XZx0sRg==}
    engines: {node: '>=18.0.0'}
    dev: false
